
Microsoft Visual Studio Solution File, Format Version 12.00
# Visual Studio Version 17
VisualStudioVersion = 17.11.35327.3
MinimumVisualStudioVersion = 10.0.40219.1
Project("{FAE04EC0-301F-11D3-BF4B-00C04F79EFBC}") = "appFP_NET", "appFP_NET\appFP_NET.csproj", "{348B7950-D1BC-48B6-BBDF-041FDD2761FF}"
EndProject
Global
	GlobalSection(SolutionConfigurationPlatforms) = preSolution
		Debug|Any CPU = Debug|Any CPU
		Release|Any CPU = Release|Any CPU
	EndGlobalSection
	GlobalSection(ProjectConfigurationPlatforms) = postSolution
		{348B7950-D1BC-48B6-BBDF-041FDD2761FF}.Debug|Any CPU.ActiveCfg = Debug|Any CPU
		{348B7950-D1BC-48B6-BBDF-041FDD2761FF}.Debug|Any CPU.Build.0 = Debug|Any CPU
		{348B7950-D1BC-48B6-BBDF-041FDD2761FF}.Release|Any CPU.ActiveCfg = Release|Any CPU
		{348B7950-D1BC-48B6-BBDF-041FDD2761FF}.Release|Any CPU.Build.0 = Release|Any CPU
	EndGlobalSection
	GlobalSection(SolutionProperties) = preSolution
		HideSolutionNode = FALSE
	EndGlobalSection
	GlobalSection(ExtensibilityGlobals) = postSolution
		SolutionGuid = {D8083CDE-BE7E-4C80-957F-028E3C153F7C}
	EndGlobalSection
EndGlobal
